// !$*UTF8*$!
{
	archiveVersion = 1;
	classes = {
	};
	objectVersion = 56;
	objects = {

/* Begin PBXBuildFile section */
		856B0F882AFF616F0031CF60 /* swiftui_stack_viewApp.swift in Sources */ = {isa = PBXBuildFile; fileRef = 856B0F872AFF616F0031CF60 /* swiftui_stack_viewApp.swift */; };
		856B0F8A2AFF616F0031CF60 /* ContentView.swift in Sources */ = {isa = PBXBuildFile; fileRef = 856B0F892AFF616F0031CF60 /* ContentView.swift */; };
		856B0F8C2AFF61700031CF60 /* Assets.xcassets in Resources */ = {isa = PBXBuildFile; fileRef = 856B0F8B2AFF61700031CF60 /* Assets.xcassets */; };
		856B0F8F2AFF61700031CF60 /* Preview Assets.xcassets in Resources */ = {isa = PBXBuildFile; fileRef = 856B0F8E2AFF61700031CF60 /* Preview Assets.xcassets */; };
		856B0F982B020A390031CF60 /* BackgroundView.swift in Sources */ = {isa = PBXBuildFile; fileRef = 856B0F972B020A390031CF60 /* BackgroundView.swift */; };
		856B0F9A2B020A800031CF60 /* WeatherTimeView.swift in Sources */ = {isa = PBXBuildFile; fileRef = 856B0F992B020A800031CF60 /* WeatherTimeView.swift */; };
		856B0F9D2B020BE50031CF60 /* WeatherForecastView.swift in Sources */ = {isa = PBXBuildFile; fileRef = 856B0F9C2B020BE50031CF60 /* WeatherForecastView.swift */; };
/* End PBXBuildFile section */

/* Begin PBXFileReference section */
		856B0F842AFF616F0031CF60 /* swiftui-stack-view.app */ = {isa = PBXFileReference; explicitFileType = wrapper.application; includeInIndex = 0; path = "swiftui-stack-view.app"; sourceTree = BUILT_PRODUCTS_DIR; };
		856B0F872AFF616F0031CF60 /* swiftui_stack_viewApp.swift */ = {isa = PBXFileReference; lastKnownFileType = sourcecode.swift; path = swiftui_stack_viewApp.swift; sourceTree = "<group>"; };
		856B0F892AFF616F0031CF60 /* ContentView.swift */ = {isa = PBXFileReference; lastKnownFileType = sourcecode.swift; path = ContentView.swift; sourceTree = "<group>"; };
		856B0F8B2AFF61700031CF60 /* Assets.xcassets */ = {isa = PBXFileReference; lastKnownFileType = folder.assetcatalog; path = Assets.xcassets; sourceTree = "<group>"; };
		856B0F8E2AFF61700031CF60 /* Preview Assets.xcassets */ = {isa = PBXFileReference; lastKnownFileType = folder.assetcatalog; path = "Preview Assets.xcassets"; sourceTree = "<group>"; };
		856B0F972B020A390031CF60 /* BackgroundView.swift */ = {isa = PBXFileReference; lastKnownFileType = sourcecode.swift; path = BackgroundView.swift; sourceTree = "<group>"; };
		856B0F992B020A800031CF60 /* WeatherTimeView.swift */ = {isa = PBXFileReference; lastKnownFileType = sourcecode.swift; path = WeatherTimeView.swift; sourceTree = "<group>"; };
		856B0F9C2B020BE50031CF60 /* WeatherForecastView.swift */ = {isa = PBXFileReference; lastKnownFileType = sourcecode.swift; path = WeatherForecastView.swift; sourceTree = "<group>"; };
/* End PBXFileReference section */

/* Begin PBXFrameworksBuildPhase section */
		856B0F812AFF616F0031CF60 /* Frameworks */ = {
			isa = PBXFrameworksBuildPhase;
			buildActionMask = 2147483647;
			files = (
			);
			runOnlyForDeploymentPostprocessing = 0;
		};
/* End PBXFrameworksBuildPhase section */

/* Begin PBXGroup section */
		856B0F7B2AFF616F0031CF60 = {
			isa = PBXGroup;
			children = (
				856B0F862AFF616F0031CF60 /* swiftui-stack-view */,
				856B0F852AFF616F0031CF60 /* Products */,
			);
			sourceTree = "<group>";
		};
		856B0F852AFF616F0031CF60 /* Products */ = {
			isa = PBXGroup;
			children = (
				856B0F842AFF616F0031CF60 /* swiftui-stack-view.app */,
			);
			name = Products;
			sourceTree = "<group>";
		};
		856B0F862AFF616F0031CF60 /* swiftui-stack-view */ = {
			isa = PBXGroup;
			children = (
				856B0F9B2B020B350031CF60 /* Components */,
				856B0F892AFF616F0031CF60 /* ContentView.swift */,
				856B0F872AFF616F0031CF60 /* swiftui_stack_viewApp.swift */,
				856B0F8B2AFF61700031CF60 /* Assets.xcassets */,
				856B0F8D2AFF61700031CF60 /* Preview Content */,
			);
			path = "swiftui-stack-view";
			sourceTree = "<group>";
		};
		856B0F8D2AFF61700031CF60 /* Preview Content */ = {
			isa = PBXGroup;
			children = (
				856B0F8E2AFF61700031CF60 /* Preview Assets.xcassets */,
			);
			path = "Preview Content";
			sourceTree = "<group>";
		};
		856B0F9B2B020B350031CF60 /* Components */ = {
			isa = PBXGroup;
			children = (
				856B0F972B020A390031CF60 /* BackgroundView.swift */,
				856B0F992B020A800031CF60 /* WeatherTimeView.swift */,
				856B0F9C2B020BE50031CF60 /* WeatherForecastView.swift */,
			);
			path = Components;
			sourceTree = "<group>";
		};
/* End PBXGroup section */

/* Begin PBXNativeTarget section */
		856B0F832AFF616F0031CF60 /* swiftui-stack-view */ = {
			isa = PBXNativeTarget;
			buildConfigurationList = 856B0F922AFF61700031CF60 /* Build configuration list for PBXNativeTarget "swiftui-stack-view" */;
			buildPhases = (
				856B0F802AFF616F0031CF60 /* Sources */,
				856B0F812AFF616F0031CF60 /* Frameworks */,
				856B0F822AFF616F0031CF60 /* Resources */,
			);
			buildRules = (
			);
			dependencies = (
			);
			name = "swiftui-stack-view";
			productName = "swiftui-stack-view";
			productReference = 856B0F842AFF616F0031CF60 /* swiftui-stack-view.app */;
			productType = "com.apple.product-type.application";
		};
/* End PBXNativeTarget section */

/* Begin PBXProject section */
		856B0F7C2AFF616F0031CF60 /* Project object */ = {
			isa = PBXProject;
			attributes = {
				BuildIndependentTargetsInParallel = 1;
				LastSwiftUpdateCheck = 1430;
				LastUpgradeCheck = 1430;
				TargetAttributes = {
					856B0F832AFF616F0031CF60 = {
						CreatedOnToolsVersion = 14.3.1;
					};
				};
			};
			buildConfigurationList = 856B0F7F2AFF616F0031CF60 /* Build configuration list for PBXProject "swiftui-stack-view" */;
			compatibilityVersion = "Xcode 14.0";
			developmentRegion = en;
			hasScannedForEncodings = 0;
			knownRegions = (
				en,
				Base,
			);
			mainGroup = 856B0F7B2AFF616F0031CF60;
			productRefGroup = 856B0F852AFF616F0031CF60 /* Products */;
			projectDirPath = "";
			projectRoot = "";
			targets = (
				856B0F832AFF616F0031CF60 /* swiftui-stack-view */,
			);
		};
/* End PBXProject section */

/* Begin PBXResourcesBuildPhase section */
		856B0F822AFF616F0031CF60 /* Resources */ = {
			isa = PBXResourcesBuildPhase;
			buildActionMask = 2147483647;
			files = (
				856B0F8F2AFF61700031CF60 /* Preview Assets.xcassets in Resources */,
				856B0F8C2AFF61700031CF60 /* Assets.xcassets in Resources */,
			);
			runOnlyForDeploymentPostprocessing = 0;
		};
/* End PBXResourcesBuildPhase section */

/* Begin PBXSourcesBuildPhase section */
		856B0F802AFF616F0031CF60 /* Sources */ = {
			isa = PBXSourcesBuildPhase;
			buildActionMask = 2147483647;
			files = (
				856B0F982B020A390031CF60 /* BackgroundView.swift in Sources */,
				856B0F8A2AFF616F0031CF60 /* ContentView.swift in Sources */,
				856B0F9A2B020A800031CF60 /* WeatherTimeView.swift in Sources */,
				856B0F882AFF616F0031CF60 /* swiftui_stack_viewApp.swift in Sources */,
				856B0F9D2B020BE50031CF60 /* WeatherForecastView.swift in Sources */,
			);
			runOnlyForDeploymentPostprocessing = 0;
		};
/* End PBXSourcesBuildPhase section */

/* Begin XCBuildConfiguration section */
		856B0F902AFF61700031CF60 /* Debug */ = {
			isa = XCBuildConfiguration;
			buildSettings = {
				ALWAYS_SEARCH_USER_PATHS = NO;
				CLANG_ANALYZER_NONNULL = YES;
				CLANG_ANALYZER_NUMBER_OBJECT_CONVERSION = YES_AGGRESSIVE;
				CLANG_CXX_LANGUAGE_STANDARD = "gnu++20";
				CLANG_ENABLE_MODULES = YES;
				CLANG_ENABLE_OBJC_ARC = YES;
				CLANG_ENABLE_OBJC_WEAK = YES;
				CLANG_WARN_BLOCK_CAPTURE_AUTORELEASING = YES;
				CLANG_WARN_BOOL_CONVERSION = YES;
				CLANG_WARN_COMMA = YES;
				CLANG_WARN_CONSTANT_CONVERSION = YES;
				CLANG_WARN_DEPRECATED_OBJC_IMPLEMENTATIONS = YES;
				CLANG_WARN_DIRECT_OBJC_ISA_USAGE = YES_ERROR;
				CLANG_WARN_DOCUMENTATION_COMMENTS = YES;
				CLANG_WARN_EMPTY_BODY = YES;
				CLANG_WARN_ENUM_CONVERSION = YES;
				CLANG_WARN_INFINITE_RECURSION = YES;
				CLANG_WARN_INT_CONVERSION = YES;
				CLANG_WARN_NON_LITERAL_NULL_CONVERSION = YES;
				CLANG_WARN_OBJC_IMPLICIT_RETAIN_SELF = YES;
				CLANG_WARN_OBJC_LITERAL_CONVERSION = YES;
				CLANG_WARN_OBJC_ROOT_CLASS = YES_ERROR;
				CLANG_WARN_QUOTED_INCLUDE_IN_FRAMEWORK_HEADER = YES;
				CLANG_WARN_RANGE_LOOP_ANALYSIS = YES;
				CLANG_WARN_STRICT_PROTOTYPES = YES;
				CLANG_WARN_SUSPICIOUS_MOVE = YES;
				CLANG_WARN_UNGUARDED_AVAILABILITY = YES_AGGRESSIVE;
				CLANG_WARN_UNREACHABLE_CODE = YES;
				CLANG_WARN__DUPLICATE_METHOD_MATCH = YES;
				COPY_PHASE_STRIP = NO;
				DEBUG_INFORMATION_FORMAT = dwarf;
				ENABLE_STRICT_OBJC_MSGSEND = YES;
				ENABLE_TESTABILITY = YES;
				GCC_C_LANGUAGE_STANDARD = gnu11;
				GCC_DYNAMIC_NO_PIC = NO;
				GCC_NO_COMMON_BLOCKS = YES;
				GCC_OPTIMIZATION_LEVEL = 0;
				GCC_PREPROCESSOR_DEFINITIONS = (
					"DEBUG=1",
					"$(inherited)",
				);
				GCC_WARN_64_TO_32_BIT_CONVERSION = YES;
				GCC_WARN_ABOUT_RETURN_TYPE = YES_ERROR;
				GCC_WARN_UNDECLARED_SELECTOR = YES;
				GCC_WARN_UNINITIALIZED_AUTOS = YES_AGGRESSIVE;
				GCC_WARN_UNUSED_FUNCTION = YES;
				GCC_WARN_UNUSED_VARIABLE = YES;
				IPHONEOS_DEPLOYMENT_TARGET = 16.4;
				MTL_ENABLE_DEBUG_INFO = INCLUDE_SOURCE;
				MTL_FAST_MATH = YES;
				ONLY_ACTIVE_ARCH = YES;
				SDKROOT = iphoneos;
				SWIFT_ACTIVE_COMPILATION_CONDITIONS = DEBUG;
				SWIFT_OPTIMIZATION_LEVEL = "-Onone";
			};
			name = Debug;
		};
		856B0F912AFF61700031CF60 /* Release */ = {
			isa = XCBuildConfiguration;
			buildSettings = {
				ALWAYS_SEARCH_USER_PATHS = NO;
				CLANG_ANALYZER_NONNULL = YES;
				CLANG_ANALYZER_NUMBER_OBJECT_CONVERSION = YES_AGGRESSIVE;
				CLANG_CXX_LANGUAGE_STANDARD = "gnu++20";
				CLANG_ENABLE_MODULES = YES;
				CLANG_ENABLE_OBJC_ARC = YES;
				CLANG_ENABLE_OBJC_WEAK = YES;
				CLANG_WARN_BLOCK_CAPTURE_AUTORELEASING = YES;
				CLANG_WARN_BOOL_CONVERSION = YES;
				CLANG_WARN_COMMA = YES;
				CLANG_WARN_CONSTANT_CONVERSION = YES;
				CLANG_WARN_DEPRECATED_OBJC_IMPLEMENTATIONS = YES;
				CLANG_WARN_DIRECT_OBJC_ISA_USAGE = YES_ERROR;
				CLANG_WARN_DOCUMENTATION_COMMENTS = YES;
				CLANG_WARN_EMPTY_BODY = YES;
				CLANG_WARN_ENUM_CONVERSION = YES;
				CLANG_WARN_INFINITE_RECURSION = YES;
				CLANG_WARN_INT_CONVERSION = YES;
				CLANG_WARN_NON_LITERAL_NULL_CONVERSION = YES;
				CLANG_WARN_OBJC_IMPLICIT_RETAIN_SELF = YES;
				CLANG_WARN_OBJC_LITERAL_CONVERSION = YES;
				CLANG_WARN_OBJC_ROOT_CLASS = YES_ERROR;
				CLANG_WARN_QUOTED_INCLUDE_IN_FRAMEWORK_HEADER = YES;
				CLANG_WARN_RANGE_LOOP_ANALYSIS = YES;
				CLANG_WARN_STRICT_PROTOTYPES = YES;
				CLANG_WARN_SUSPICIOUS_MOVE = YES;
				CLANG_WARN_UNGUARDED_AVAILABILITY = YES_AGGRESSIVE;
				CLANG_WARN_UNREACHABLE_CODE = YES;
				CLANG_WARN__DUPLICATE_METHOD_MATCH = YES;
				COPY_PHASE_STRIP = NO;
				DEBUG_INFORMATION_FORMAT = "dwarf-with-dsym";
				ENABLE_NS_ASSERTIONS = NO;
				ENABLE_STRICT_OBJC_MSGSEND = YES;
				GCC_C_LANGUAGE_STANDARD = gnu11;
				GCC_NO_COMMON_BLOCKS = YES;
				GCC_WARN_64_TO_32_BIT_CONVERSION = YES;
				GCC_WARN_ABOUT_RETURN_TYPE = YES_ERROR;
				GCC_WARN_UNDECLARED_SELECTOR = YES;
				GCC_WARN_UNINITIALIZED_AUTOS = YES_AGGRESSIVE;
				GCC_WARN_UNUSED_FUNCTION = YES;
				GCC_WARN_UNUSED_VARIABLE = YES;
				IPHONEOS_DEPLOYMENT_TARGET = 16.4;
				MTL_ENABLE_DEBUG_INFO = NO;
				MTL_FAST_MATH = YES;
				SDKROOT = iphoneos;
				SWIFT_COMPILATION_MODE = wholemodule;
				SWIFT_OPTIMIZATION_LEVEL = "-O";
				VALIDATE_PRODUCT = YES;
			};
			name = Release;
		};
		856B0F932AFF61700031CF60 /* Debug */ = {
			isa = XCBuildConfiguration;
			buildSettings = {
				ASSETCATALOG_COMPILER_APPICON_NAME = AppIcon;
				ASSETCATALOG_COMPILER_GLOBAL_ACCENT_COLOR_NAME = AccentColor;
				CODE_SIGN_STYLE = Automatic;
				CURRENT_PROJECT_VERSION = 1;
				DEVELOPMENT_ASSET_PATHS = "\"swiftui-stack-view/Preview Content\"";
				DEVELOPMENT_TEAM = 4TYV467MX2;
				ENABLE_PREVIEWS = YES;
				GENERATE_INFOPLIST_FILE = YES;
				INFOPLIST_KEY_UIApplicationSceneManifest_Generation = YES;
				INFOPLIST_KEY_UIApplicationSupportsIndirectInputEvents = YES;
				INFOPLIST_KEY_UILaunchScreen_Generation = YES;
				INFOPLIST_KEY_UISupportedInterfaceOrientations_iPad = "UIInterfaceOrientationPortrait UIInterfaceOrientationPortraitUpsideDown UIInterfaceOrientationLandscapeLeft UIInterfaceOrientationLandscapeRight";
				INFOPLIST_KEY_UISupportedInterfaceOrientations_iPhone = "UIInterfaceOrientationPortrait UIInterfaceOrientationLandscapeLeft UIInterfaceOrientationLandscapeRight";
				LD_RUNPATH_SEARCH_PATHS = (
					"$(inherited)",
					"@executable_path/Frameworks",
				);
				MARKETING_VERSION = 1.0;
				PRODUCT_BUNDLE_IDENTIFIER = "com.cwelim.swiftui-stack-view";
				PRODUCT_NAME = "$(TARGET_NAME)";
				SWIFT_EMIT_LOC_STRINGS = YES;
				SWIFT_VERSION = 5.0;
				TARGETED_DEVICE_FAMILY = "1,2";
			};
			name = Debug;
		};
		856B0F942AFF61700031CF60 /* Release */ = {
			isa = XCBuildConfiguration;
			buildSettings = {
				ASSETCATALOG_COMPILER_APPICON_NAME = AppIcon;
				ASSETCATALOG_COMPILER_GLOBAL_ACCENT_COLOR_NAME = AccentColor;
				CODE_SIGN_STYLE = Automatic;
				CURRENT_PROJECT_VERSION = 1;
				DEVELOPMENT_ASSET_PATHS = "\"swiftui-stack-view/Preview Content\"";
				DEVELOPMENT_TEAM = 4TYV467MX2;
				ENABLE_PREVIEWS = YES;
				GENERATE_INFOPLIST_FILE = YES;
				INFOPLIST_KEY_UIApplicationSceneManifest_Generation = YES;
				INFOPLIST_KEY_UIApplicationSupportsIndirectInputEvents = YES;
				INFOPLIST_KEY_UILaunchScreen_Generation = YES;
				INFOPLIST_KEY_UISupportedInterfaceOrientations_iPad = "UIInterfaceOrientationPortrait UIInterfaceOrientationPortraitUpsideDown UIInterfaceOrientationLandscapeLeft UIInterfaceOrientationLandscapeRight";
				INFOPLIST_KEY_UISupportedInterfaceOrientations_iPhone = "UIInterfaceOrientationPortrait UIInterfaceOrientationLandscapeLeft UIInterfaceOrientationLandscapeRight";
				LD_RUNPATH_SEARCH_PATHS = (
					"$(inherited)",
					"@executable_path/Frameworks",
				);
				MARKETING_VERSION = 1.0;
				PRODUCT_BUNDLE_IDENTIFIER = "com.cwelim.swiftui-stack-view";
				PRODUCT_NAME = "$(TARGET_NAME)";
				SWIFT_EMIT_LOC_STRINGS = YES;
				SWIFT_VERSION = 5.0;
				TARGETED_DEVICE_FAMILY = "1,2";
			};
			name = Release;
		};
/* End XCBuildConfiguration section */

/* Begin XCConfigurationList section */
		856B0F7F2AFF616F0031CF60 /* Build configuration list for PBXProject "swiftui-stack-view" */ = {
			isa = XCConfigurationList;
			buildConfigurations = (
				856B0F902AFF61700031CF60 /* Debug */,
				856B0F912AFF61700031CF60 /* Release */,
			);
			defaultConfigurationIsVisible = 0;
			defaultConfigurationName = Release;
		};
		856B0F922AFF61700031CF60 /* Build configuration list for PBXNativeTarget "swiftui-stack-view" */ = {
			isa = XCConfigurationList;
			buildConfigurations = (
				856B0F932AFF61700031CF60 /* Debug */,
				856B0F942AFF61700031CF60 /* Release */,
			);
			defaultConfigurationIsVisible = 0;
			defaultConfigurationName = Release;
		};
/* End XCConfigurationList section */
	};
	rootObject = 856B0F7C2AFF616F0031CF60 /* Project object */;
}
